// !$*UTF8*$!
{
	archiveVersion = 1;
	classes = {
	};
	objectVersion = 50;
	objects = {

/* Begin PBXBuildFile section */
		1F8BA64225A437330020EB08 /* AppDelegate.swift in Sources */ = {isa = PBXBuildFile; fileRef = 1F8BA64125A437330020EB08 /* AppDelegate.swift */; };
		1F8BA64425A437330020EB08 /* SceneDelegate.swift in Sources */ = {isa = PBXBuildFile; fileRef = 1F8BA64325A437330020EB08 /* SceneDelegate.swift */; };
		1F8BA64625A437330020EB08 /* ViewController.swift in Sources */ = {isa = PBXBuildFile; fileRef = 1F8BA64525A437330020EB08 /* ViewController.swift */; };
		1F8BA64925A437330020EB08 /* Main.storyboard in Resources */ = {isa = PBXBuildFile; fileRef = 1F8BA64725A437330020EB08 /* Main.storyboard */; };
		1F8BA64B25A437380020EB08 /* Assets.xcassets in Resources */ = {isa = PBXBuildFile; fileRef = 1F8BA64A25A437380020EB08 /* Assets.xcassets */; };
		1F8BA64E25A437380020EB08 /* LaunchScreen.storyboard in Resources */ = {isa = PBXBuildFile; fileRef = 1F8BA64C25A437380020EB08 /* LaunchScreen.storyboard */; };
		1F8BA68325A4721A0020EB08 /* AfterLoginViewController.swift in Sources */ = {isa = PBXBuildFile; fileRef = 1F8BA68225A4721A0020EB08 /* AfterLoginViewController.swift */; };
		8A9089759200A5804E16E8A0 /* Pods_LoginSession.framework in Frameworks */ = {isa = PBXBuildFile; fileRef = 9FA45F54BAE4B561BAC05A74 /* Pods_LoginSession.framework */; };
/* End PBXBuildFile section */

/* Begin PBXFileReference section */
		16DF7A9BB4125AC69FE2B165 /* Pods-LoginSession.release.xcconfig */ = {isa = PBXFileReference; includeInIndex = 1; lastKnownFileType = text.xcconfig; name = "Pods-LoginSession.release.xcconfig"; path = "Target Support Files/Pods-LoginSession/Pods-LoginSession.release.xcconfig"; sourceTree = "<group>"; };
		1F8BA63E25A437330020EB08 /* LoginSession.app */ = {isa = PBXFileReference; explicitFileType = wrapper.application; includeInIndex = 0; path = LoginSession.app; sourceTree = BUILT_PRODUCTS_DIR; };
		1F8BA64125A437330020EB08 /* AppDelegate.swift */ = {isa = PBXFileReference; lastKnownFileType = sourcecode.swift; path = AppDelegate.swift; sourceTree = "<group>"; };
		1F8BA64325A437330020EB08 /* SceneDelegate.swift */ = {isa = PBXFileReference; lastKnownFileType = sourcecode.swift; path = SceneDelegate.swift; sourceTree = "<group>"; };
		1F8BA64525A437330020EB08 /* ViewController.swift */ = {isa = PBXFileReference; lastKnownFileType = sourcecode.swift; path = ViewController.swift; sourceTree = "<group>"; };
		1F8BA64825A437330020EB08 /* Base */ = {isa = PBXFileReference; lastKnownFileType = file.storyboard; name = Base; path = Base.lproj/Main.storyboard; sourceTree = "<group>"; };
		1F8BA64A25A437380020EB08 /* Assets.xcassets */ = {isa = PBXFileReference; lastKnownFileType = folder.assetcatalog; path = Assets.xcassets; sourceTree = "<group>"; };
		1F8BA64D25A437380020EB08 /* Base */ = {isa = PBXFileReference; lastKnownFileType = file.storyboard; name = Base; path = Base.lproj/LaunchScreen.storyboard; sourceTree = "<group>"; };
		1F8BA64F25A437380020EB08 /* Info.plist */ = {isa = PBXFileReference; lastKnownFileType = text.plist.xml; path = Info.plist; sourceTree = "<group>"; };
		1F8BA68225A4721A0020EB08 /* AfterLoginViewController.swift */ = {isa = PBXFileReference; lastKnownFileType = sourcecode.swift; path = AfterLoginViewController.swift; sourceTree = "<group>"; };
		9FA45F54BAE4B561BAC05A74 /* Pods_LoginSession.framework */ = {isa = PBXFileReference; explicitFileType = wrapper.framework; includeInIndex = 0; path = Pods_LoginSession.framework; sourceTree = BUILT_PRODUCTS_DIR; };
		BD5FB7E631B38C1347203E87 /* Pods-LoginSession.debug.xcconfig */ = {isa = PBXFileReference; includeInIndex = 1; lastKnownFileType = text.xcconfig; name = "Pods-LoginSession.debug.xcconfig"; path = "Target Support Files/Pods-LoginSession/Pods-LoginSession.debug.xcconfig"; sourceTree = "<group>"; };
/* End PBXFileReference section */

/* Begin PBXFrameworksBuildPhase section */
		1F8BA63B25A437330020EB08 /* Frameworks */ = {
			isa = PBXFrameworksBuildPhase;
			buildActionMask = 2147483647;
			files = (
				8A9089759200A5804E16E8A0 /* Pods_LoginSession.framework in Frameworks */,
			);
			runOnlyForDeploymentPostprocessing = 0;
		};
/* End PBXFrameworksBuildPhase section */

/* Begin PBXGroup section */
		1F8BA63525A437330020EB08 = {
			isa = PBXGroup;
			children = (
				1F8BA64025A437330020EB08 /* LoginSession */,
				1F8BA63F25A437330020EB08 /* Products */,
				37BF790C9FB0AEFF7EFDA0EE /* Pods */,
				F704EE0BA97F42966929B2FE /* Frameworks */,
			);
			sourceTree = "<group>";
		};
		1F8BA63F25A437330020EB08 /* Products */ = {
			isa = PBXGroup;
			children = (
				1F8BA63E25A437330020EB08 /* LoginSession.app */,
			);
			name = Products;
			sourceTree = "<group>";
		};
		1F8BA64025A437330020EB08 /* LoginSession */ = {
			isa = PBXGroup;
			children = (
				1F8BA64125A437330020EB08 /* AppDelegate.swift */,
				1F8BA64325A437330020EB08 /* SceneDelegate.swift */,
				1F8BA64525A437330020EB08 /* ViewController.swift */,
				1F8BA64725A437330020EB08 /* Main.storyboard */,
				1F8BA68225A4721A0020EB08 /* AfterLoginViewController.swift */,
				1F8BA64A25A437380020EB08 /* Assets.xcassets */,
				1F8BA64C25A437380020EB08 /* LaunchScreen.storyboard */,
				1F8BA64F25A437380020EB08 /* Info.plist */,
			);
			path = LoginSession;
			sourceTree = "<group>";
		};
		37BF790C9FB0AEFF7EFDA0EE /* Pods */ = {
			isa = PBXGroup;
			children = (
				BD5FB7E631B38C1347203E87 /* Pods-LoginSession.debug.xcconfig */,
				16DF7A9BB4125AC69FE2B165 /* Pods-LoginSession.release.xcconfig */,
			);
			path = Pods;
			sourceTree = "<group>";
		};
		F704EE0BA97F42966929B2FE /* Frameworks */ = {
			isa = PBXGroup;
			children = (
				9FA45F54BAE4B561BAC05A74 /* Pods_LoginSession.framework */,
			);
			name = Frameworks;
			sourceTree = "<group>";
		};
/* End PBXGroup section */

/* Begin PBXNativeTarget section */
		1F8BA63D25A437330020EB08 /* LoginSession */ = {
			isa = PBXNativeTarget;
			buildConfigurationList = 1F8BA65225A437380020EB08 /* Build configuration list for PBXNativeTarget "LoginSession" */;
			buildPhases = (
				A5E1B0805F4F02972E0486D7 /* [CP] Check Pods Manifest.lock */,
				1F8BA63A25A437330020EB08 /* Sources */,
				1F8BA63B25A437330020EB08 /* Frameworks */,
				1F8BA63C25A437330020EB08 /* Resources */,
				63AE786913A641ED474F7175 /* [CP] Embed Pods Frameworks */,
			);
			buildRules = (
			);
			dependencies = (
			);
			name = LoginSession;
			productName = LoginSession;
			productReference = 1F8BA63E25A437330020EB08 /* LoginSession.app */;
			productType = "com.apple.product-type.application";
		};
/* End PBXNativeTarget section */

/* Begin PBXProject section */
		1F8BA63625A437330020EB08 /* Project object */ = {
			isa = PBXProject;
			attributes = {
				LastSwiftUpdateCheck = 1230;
				LastUpgradeCheck = 1230;
				TargetAttributes = {
					1F8BA63D25A437330020EB08 = {
						CreatedOnToolsVersion = 12.3;
					};
				};
			};
			buildConfigurationList = 1F8BA63925A437330020EB08 /* Build configuration list for PBXProject "LoginSession" */;
			compatibilityVersion = "Xcode 9.3";
			developmentRegion = en;
			hasScannedForEncodings = 0;
			knownRegions = (
				en,
				Base,
			);
			mainGroup = 1F8BA63525A437330020EB08;
			productRefGroup = 1F8BA63F25A437330020EB08 /* Products */;
			projectDirPath = "";
			projectRoot = "";
			targets = (
				1F8BA63D25A437330020EB08 /* LoginSession */,
			);
		};
/* End PBXProject section */

/* Begin PBXResourcesBuildPhase section */
		1F8BA63C25A437330020EB08 /* Resources */ = {
			isa = PBXResourcesBuildPhase;
			buildActionMask = 2147483647;
			files = (
				1F8BA64E25A437380020EB08 /* LaunchScreen.storyboard in Resources */,
				1F8BA64B25A437380020EB08 /* Assets.xcassets in Resources */,
				1F8BA64925A437330020EB08 /* Main.storyboard in Resources */,
			);
			runOnlyForDeploymentPostprocessing = 0;
		};
/* End PBXResourcesBuildPhase section */

/* Begin PBXShellScriptBuildPhase section */
		63AE786913A641ED474F7175 /* [CP] Embed Pods Frameworks */ = {
			isa = PBXShellScriptBuildPhase;
			buildActionMask = 2147483647;
			files = (
			);
			inputFileListPaths = (
				"${PODS_ROOT}/Target Support Files/Pods-LoginSession/Pods-LoginSession-frameworks-${CONFIGURATION}-input-files.xcfilelist",
			);
			name = "[CP] Embed Pods Frameworks";
			outputFileListPaths = (
				"${PODS_ROOT}/Target Support Files/Pods-LoginSession/Pods-LoginSession-frameworks-${CONFIGURATION}-output-files.xcfilelist",
			);
			runOnlyForDeploymentPostprocessing = 0;
			shellPath = /bin/sh;
			shellScript = "\"${PODS_ROOT}/Target Support Files/Pods-LoginSession/Pods-LoginSession-frameworks.sh\"\n";
			showEnvVarsInLog = 0;
		};
		A5E1B0805F4F02972E0486D7 /* [CP] Check Pods Manifest.lock */ = {
			isa = PBXShellScriptBuildPhase;
			buildActionMask = 2147483647;
			files = (
			);
			inputFileListPaths = (
			);
			inputPaths = (
				"${PODS_PODFILE_DIR_PATH}/Podfile.lock",
				"${PODS_ROOT}/Manifest.lock",
			);
			name = "[CP] Check Pods Manifest.lock";
			outputFileListPaths = (
			);
			outputPaths = (
				"$(DERIVED_FILE_DIR)/Pods-LoginSession-checkManifestLockResult.txt",
			);
			runOnlyForDeploymentPostprocessing = 0;
			shellPath = /bin/sh;
			shellScript = "diff \"${PODS_PODFILE_DIR_PATH}/Podfile.lock\" \"${PODS_ROOT}/Manifest.lock\" > /dev/null\nif [ $? != 0 ] ; then\n    # print error to STDERR\n    echo \"error: The sandbox is not in sync with the Podfile.lock. Run 'pod install' or update your CocoaPods installation.\" >&2\n    exit 1\nfi\n# This output is used by Xcode 'outputs' to avoid re-running this script phase.\necho \"SUCCESS\" > \"${SCRIPT_OUTPUT_FILE_0}\"\n";
			showEnvVarsInLog = 0;
		};
/* End PBXShellScriptBuildPhase section */

/* Begin PBXSourcesBuildPhase section */
		1F8BA63A25A437330020EB08 /* Sources */ = {
			isa = PBXSourcesBuildPhase;
			buildActionMask = 2147483647;
			files = (
				1F8BA64625A437330020EB08 /* ViewController.swift in Sources */,
				1F8BA64225A437330020EB08 /* AppDelegate.swift in Sources */,
				1F8BA64425A437330020EB08 /* SceneDelegate.swift in Sources */,
				1F8BA68325A4721A0020EB08 /* AfterLoginViewController.swift in Sources */,
			);
			runOnlyForDeploymentPostprocessing = 0;
		};
/* End PBXSourcesBuildPhase section */

/* Begin PBXVariantGroup section */
		1F8BA64725A437330020EB08 /* Main.storyboard */ = {
			isa = PBXVariantGroup;
			children = (
				1F8BA64825A437330020EB08 /* Base */,
			);
			name = Main.storyboard;
			sourceTree = "<group>";
		};
		1F8BA64C25A437380020EB08 /* LaunchScreen.storyboard */ = {
			isa = PBXVariantGroup;
			children = (
				1F8BA64D25A437380020EB08 /* Base */,
			);
			name = LaunchScreen.storyboard;
			sourceTree = "<group>";
		};
/* End PBXVariantGroup section */

/* Begin XCBuildConfiguration section */
		1F8BA65025A437380020EB08 /* Debug */ = {
			isa = XCBuildConfiguration;
			buildSettings = {
				ALWAYS_SEARCH_USER_PATHS = NO;
				CLANG_ANALYZER_NONNULL = YES;
				CLANG_ANALYZER_NUMBER_OBJECT_CONVERSION = YES_AGGRESSIVE;
				CLANG_CXX_LANGUAGE_STANDARD = "gnu++14";
				CLANG_CXX_LIBRARY = "libc++";
				CLANG_ENABLE_MODULES = YES;
				CLANG_ENABLE_OBJC_ARC = YES;
				CLANG_ENABLE_OBJC_WEAK = YES;
				CLANG_WARN_BLOCK_CAPTURE_AUTORELEASING = YES;
				CLANG_WARN_BOOL_CONVERSION = YES;
				CLANG_WARN_COMMA = YES;
				CLANG_WARN_CONSTANT_CONVERSION = YES;
				CLANG_WARN_DEPRECATED_OBJC_IMPLEMENTATIONS = YES;
				CLANG_WARN_DIRECT_OBJC_ISA_USAGE = YES_ERROR;
				CLANG_WARN_DOCUMENTATION_COMMENTS = YES;
				CLANG_WARN_EMPTY_BODY = YES;
				CLANG_WARN_ENUM_CONVERSION = YES;
				CLANG_WARN_INFINITE_RECURSION = YES;
				CLANG_WARN_INT_CONVERSION = YES;
				CLANG_WARN_NON_LITERAL_NULL_CONVERSION = YES;
				CLANG_WARN_OBJC_IMPLICIT_RETAIN_SELF = YES;
				CLANG_WARN_OBJC_LITERAL_CONVERSION = YES;
				CLANG_WARN_OBJC_ROOT_CLASS = YES_ERROR;
				CLANG_WARN_QUOTED_INCLUDE_IN_FRAMEWORK_HEADER = YES;
				CLANG_WARN_RANGE_LOOP_ANALYSIS = YES;
				CLANG_WARN_STRICT_PROTOTYPES = YES;
				CLANG_WARN_SUSPICIOUS_MOVE = YES;
				CLANG_WARN_UNGUARDED_AVAILABILITY = YES_AGGRESSIVE;
				CLANG_WARN_UNREACHABLE_CODE = YES;
				CLANG_WARN__DUPLICATE_METHOD_MATCH = YES;
				COPY_PHASE_STRIP = NO;
				DEBUG_INFORMATION_FORMAT = dwarf;
				ENABLE_STRICT_OBJC_MSGSEND = YES;
				ENABLE_TESTABILITY = YES;
				GCC_C_LANGUAGE_STANDARD = gnu11;
				GCC_DYNAMIC_NO_PIC = NO;
				GCC_NO_COMMON_BLOCKS = YES;
				GCC_OPTIMIZATION_LEVEL = 0;
				GCC_PREPROCESSOR_DEFINITIONS = (
					"DEBUG=1",
					"$(inherited)",
				);
				GCC_WARN_64_TO_32_BIT_CONVERSION = YES;
				GCC_WARN_ABOUT_RETURN_TYPE = YES_ERROR;
				GCC_WARN_UNDECLARED_SELECTOR = YES;
				GCC_WARN_UNINITIALIZED_AUTOS = YES_AGGRESSIVE;
				GCC_WARN_UNUSED_FUNCTION = YES;
				GCC_WARN_UNUSED_VARIABLE = YES;
				IPHONEOS_DEPLOYMENT_TARGET = 14.3;
				MTL_ENABLE_DEBUG_INFO = INCLUDE_SOURCE;
				MTL_FAST_MATH = YES;
				ONLY_ACTIVE_ARCH = YES;
				SDKROOT = iphoneos;
				SWIFT_ACTIVE_COMPILATION_CONDITIONS = DEBUG;
				SWIFT_OPTIMIZATION_LEVEL = "-Onone";
			};
			name = Debug;
		};
		1F8BA65125A437380020EB08 /* Release */ = {
			isa = XCBuildConfiguration;
			buildSettings = {
				ALWAYS_SEARCH_USER_PATHS = NO;
				CLANG_ANALYZER_NONNULL = YES;
				CLANG_ANALYZER_NUMBER_OBJECT_CONVERSION = YES_AGGRESSIVE;
				CLANG_CXX_LANGUAGE_STANDARD = "gnu++14";
				CLANG_CXX_LIBRARY = "libc++";
				CLANG_ENABLE_MODULES = YES;
				CLANG_ENABLE_OBJC_ARC = YES;
				CLANG_ENABLE_OBJC_WEAK = YES;
				CLANG_WARN_BLOCK_CAPTURE_AUTORELEASING = YES;
				CLANG_WARN_BOOL_CONVERSION = YES;
				CLANG_WARN_COMMA = YES;
				CLANG_WARN_CONSTANT_CONVERSION = YES;
				CLANG_WARN_DEPRECATED_OBJC_IMPLEMENTATIONS = YES;
				CLANG_WARN_DIRECT_OBJC_ISA_USAGE = YES_ERROR;
				CLANG_WARN_DOCUMENTATION_COMMENTS = YES;
				CLANG_WARN_EMPTY_BODY = YES;
				CLANG_WARN_ENUM_CONVERSION = YES;
				CLANG_WARN_INFINITE_RECURSION = YES;
				CLANG_WARN_INT_CONVERSION = YES;
				CLANG_WARN_NON_LITERAL_NULL_CONVERSION = YES;
				CLANG_WARN_OBJC_IMPLICIT_RETAIN_SELF = YES;
				CLANG_WARN_OBJC_LITERAL_CONVERSION = YES;
				CLANG_WARN_OBJC_ROOT_CLASS = YES_ERROR;
				CLANG_WARN_QUOTED_INCLUDE_IN_FRAMEWORK_HEADER = YES;
				CLANG_WARN_RANGE_LOOP_ANALYSIS = YES;
				CLANG_WARN_STRICT_PROTOTYPES = YES;
				CLANG_WARN_SUSPICIOUS_MOVE = YES;
				CLANG_WARN_UNGUARDED_AVAILABILITY = YES_AGGRESSIVE;
				CLANG_WARN_UNREACHABLE_CODE = YES;
				CLANG_WARN__DUPLICATE_METHOD_MATCH = YES;
				COPY_PHASE_STRIP = NO;
				DEBUG_INFORMATION_FORMAT = "dwarf-with-dsym";
				ENABLE_NS_ASSERTIONS = NO;
				ENABLE_STRICT_OBJC_MSGSEND = YES;
				GCC_C_LANGUAGE_STANDARD = gnu11;
				GCC_NO_COMMON_BLOCKS = YES;
				GCC_WARN_64_TO_32_BIT_CONVERSION = YES;
				GCC_WARN_ABOUT_RETURN_TYPE = YES_ERROR;
				GCC_WARN_UNDECLARED_SELECTOR = YES;
				GCC_WARN_UNINITIALIZED_AUTOS = YES_AGGRESSIVE;
				GCC_WARN_UNUSED_FUNCTION = YES;
				GCC_WARN_UNUSED_VARIABLE = YES;
				IPHONEOS_DEPLOYMENT_TARGET = 14.3;
				MTL_ENABLE_DEBUG_INFO = NO;
				MTL_FAST_MATH = YES;
				SDKROOT = iphoneos;
				SWIFT_COMPILATION_MODE = wholemodule;
				SWIFT_OPTIMIZATION_LEVEL = "-O";
				VALIDATE_PRODUCT = YES;
			};
			name = Release;
		};
		1F8BA65325A437380020EB08 /* Debug */ = {
			isa = XCBuildConfiguration;
			baseConfigurationReference = BD5FB7E631B38C1347203E87 /* Pods-LoginSession.debug.xcconfig */;
			buildSettings = {
				ASSETCATALOG_COMPILER_APPICON_NAME = AppIcon;
				ASSETCATALOG_COMPILER_GLOBAL_ACCENT_COLOR_NAME = AccentColor;
				CODE_SIGN_STYLE = Automatic;
				DEVELOPMENT_TEAM = 8DSX3CQY2V;
				INFOPLIST_FILE = LoginSession/Info.plist;
				IPHONEOS_DEPLOYMENT_TARGET = 13.6;
				LD_RUNPATH_SEARCH_PATHS = (
					"$(inherited)",
					"@executable_path/Frameworks",
				);
				PRODUCT_BUNDLE_IDENTIFIER = com.shakhawathossain.LoginSession;
				PRODUCT_NAME = "$(TARGET_NAME)";
				SWIFT_VERSION = 5.0;
				TARGETED_DEVICE_FAMILY = "1,2";
			};
			name = Debug;
		};
		1F8BA65425A437380020EB08 /* Release */ = {
			isa = XCBuildConfiguration;
			baseConfigurationReference = 16DF7A9BB4125AC69FE2B165 /* Pods-LoginSession.release.xcconfig */;
			buildSettings = {
				ASSETCATALOG_COMPILER_APPICON_NAME = AppIcon;
				ASSETCATALOG_COMPILER_GLOBAL_ACCENT_COLOR_NAME = AccentColor;
				CODE_SIGN_STYLE = Automatic;
				DEVELOPMENT_TEAM = 8DSX3CQY2V;
				INFOPLIST_FILE = LoginSession/Info.plist;
				IPHONEOS_DEPLOYMENT_TARGET = 13.6;
				LD_RUNPATH_SEARCH_PATHS = (
					"$(inherited)",
					"@executable_path/Frameworks",
				);
				PRODUCT_BUNDLE_IDENTIFIER = com.shakhawathossain.LoginSession;
				PRODUCT_NAME = "$(TARGET_NAME)";
				SWIFT_VERSION = 5.0;
				TARGETED_DEVICE_FAMILY = "1,2";
			};
			name = Release;
		};
/* End XCBuildConfiguration section */

/* Begin XCConfigurationList section */
		1F8BA63925A437330020EB08 /* Build configuration list for PBXProject "LoginSession" */ = {
			isa = XCConfigurationList;
			buildConfigurations = (
				1F8BA65025A437380020EB08 /* Debug */,
				1F8BA65125A437380020EB08 /* Release */,
			);
			defaultConfigurationIsVisible = 0;
			defaultConfigurationName = Release;
		};
		1F8BA65225A437380020EB08 /* Build configuration list for PBXNativeTarget "LoginSession" */ = {
			isa = XCConfigurationList;
			buildConfigurations = (
				1F8BA65325A437380020EB08 /* Debug */,
				1F8BA65425A437380020EB08 /* Release */,
			);
			defaultConfigurationIsVisible = 0;
			defaultConfigurationName = Release;
		};
/* End XCConfigurationList section */
	};
	rootObject = 1F8BA63625A437330020EB08 /* Project object */;
}
